
Microsoft Visual Studio Solution File, Format Version 12.00
# Visual Studio Version 16
VisualStudioVersion = 16.0.32228.343
MinimumVisualStudioVersion = 10.0.40219.1
Project("{9A19103F-16F7-4668-BE54-9A1E7A4F7556}") = "Entidades", "Entidades\Entidades.csproj", "{C7F37905-1E7F-4107-9C41-63DADEC218E5}"
EndProject
Project("{9A19103F-16F7-4668-BE54-9A1E7A4F7556}") = "Bar", "Login\Bar.csproj", "{A93F7E44-C8C1-47FF-AAAD-44DA7FE9FBA9}"
EndProject
Global
	GlobalSection(SolutionConfigurationPlatforms) = preSolution
		Debug|Any CPU = Debug|Any CPU
		Release|Any CPU = Release|Any CPU
	EndGlobalSection
	GlobalSection(ProjectConfigurationPlatforms) = postSolution
		{C7F37905-1E7F-4107-9C41-63DADEC218E5}.Debug|Any CPU.ActiveCfg = Debug|Any CPU
		{C7F37905-1E7F-4107-9C41-63DADEC218E5}.Debug|Any CPU.Build.0 = Debug|Any CPU
		{C7F37905-1E7F-4107-9C41-63DADEC218E5}.Release|Any CPU.ActiveCfg = Release|Any CPU
		{C7F37905-1E7F-4107-9C41-63DADEC218E5}.Release|Any CPU.Build.0 = Release|Any CPU
		{A93F7E44-C8C1-47FF-AAAD-44DA7FE9FBA9}.Debug|Any CPU.ActiveCfg = Debug|Any CPU
		{A93F7E44-C8C1-47FF-AAAD-44DA7FE9FBA9}.Debug|Any CPU.Build.0 = Debug|Any CPU
		{A93F7E44-C8C1-47FF-AAAD-44DA7FE9FBA9}.Release|Any CPU.ActiveCfg = Release|Any CPU
		{A93F7E44-C8C1-47FF-AAAD-44DA7FE9FBA9}.Release|Any CPU.Build.0 = Release|Any CPU
	EndGlobalSection
	GlobalSection(SolutionProperties) = preSolution
		HideSolutionNode = FALSE
	EndGlobalSection
	GlobalSection(ExtensibilityGlobals) = postSolution
		SolutionGuid = {922631C3-29A2-45F3-B4FE-58F6E22AEC94}
	EndGlobalSection
EndGlobal
